
Microsoft Visual Studio Solution File, Format Version 12.00
# Visual Studio 15
VisualStudioVersion = 15.0.27703.2042
MinimumVisualStudioVersion = 10.0.40219.1
Project("{FAE04EC0-301F-11D3-BF4B-00C04F79EFBC}") = "ConsoleUI", "ConsoleUI\ConsoleUI.csproj", "{702588C5-2008-404A-B5B2-7AD26A929F09}"
EndProject
Project("{FAE04EC0-301F-11D3-BF4B-00C04F79EFBC}") = "DemoLibrary", "DemoLibrary\DemoLibrary.csproj", "{A8A2D9DC-1F3D-4E79-A1FD-DF94CE911D3B}"
EndProject
Global
	GlobalSection(SolutionConfigurationPlatforms) = preSolution
		Debug|Any CPU = Debug|Any CPU
		Release|Any CPU = Release|Any CPU
	EndGlobalSection
	GlobalSection(ProjectConfigurationPlatforms) = postSolution
		{702588C5-2008-404A-B5B2-7AD26A929F09}.Debug|Any CPU.ActiveCfg = Debug|Any CPU
		{702588C5-2008-404A-B5B2-7AD26A929F09}.Debug|Any CPU.Build.0 = Debug|Any CPU
		{702588C5-2008-404A-B5B2-7AD26A929F09}.Release|Any CPU.ActiveCfg = Release|Any CPU
		{702588C5-2008-404A-B5B2-7AD26A929F09}.Release|Any CPU.Build.0 = Release|Any CPU
		{A8A2D9DC-1F3D-4E79-A1FD-DF94CE911D3B}.Debug|Any CPU.ActiveCfg = Debug|Any CPU
		{A8A2D9DC-1F3D-4E79-A1FD-DF94CE911D3B}.Debug|Any CPU.Build.0 = Debug|Any CPU
		{A8A2D9DC-1F3D-4E79-A1FD-DF94CE911D3B}.Release|Any CPU.ActiveCfg = Release|Any CPU
		{A8A2D9DC-1F3D-4E79-A1FD-DF94CE911D3B}.Release|Any CPU.Build.0 = Release|Any CPU
	EndGlobalSection
	GlobalSection(SolutionProperties) = preSolution
		HideSolutionNode = FALSE
	EndGlobalSection
	GlobalSection(ExtensibilityGlobals) = postSolution
		SolutionGuid = {DC0471ED-8DFC-48EE-8DC1-F0243A59640A}
	EndGlobalSection
EndGlobal
